
Microsoft Visual Studio Solution File, Format Version 12.00
# Visual Studio Version 17
VisualStudioVersion = 17.12.35707.178 d17.12
MinimumVisualStudioVersion = 10.0.40219.1
Project("{FAE04EC0-301F-11D3-BF4B-00C04F79EFBC}") = "Ecommerce refri", "Ecommerce refri\Ecommerce refri.csproj", "{FD05CA63-E2E6-4382-BA74-61712D23B787}"
EndProject
Project("{FAE04EC0-301F-11D3-BF4B-00C04F79EFBC}") = "Dominio", "Dominio\Dominio.csproj", "{ACB746F4-BEA8-4877-BA51-D1697C9E92E6}"
EndProject
Project("{FAE04EC0-301F-11D3-BF4B-00C04F79EFBC}") = "Negocio", "Negocio\Negocio.csproj", "{7623171D-3ED9-4F9A-BD06-91F3231E4472}"
EndProject
Global
	GlobalSection(SolutionConfigurationPlatforms) = preSolution
		Debug|Any CPU = Debug|Any CPU
		Release|Any CPU = Release|Any CPU
	EndGlobalSection
	GlobalSection(ProjectConfigurationPlatforms) = postSolution
		{FD05CA63-E2E6-4382-BA74-61712D23B787}.Debug|Any CPU.ActiveCfg = Debug|Any CPU
		{FD05CA63-E2E6-4382-BA74-61712D23B787}.Debug|Any CPU.Build.0 = Debug|Any CPU
		{FD05CA63-E2E6-4382-BA74-61712D23B787}.Release|Any CPU.ActiveCfg = Release|Any CPU
		{FD05CA63-E2E6-4382-BA74-61712D23B787}.Release|Any CPU.Build.0 = Release|Any CPU
		{ACB746F4-BEA8-4877-BA51-D1697C9E92E6}.Debug|Any CPU.ActiveCfg = Debug|Any CPU
		{ACB746F4-BEA8-4877-BA51-D1697C9E92E6}.Debug|Any CPU.Build.0 = Debug|Any CPU
		{ACB746F4-BEA8-4877-BA51-D1697C9E92E6}.Release|Any CPU.ActiveCfg = Release|Any CPU
		{ACB746F4-BEA8-4877-BA51-D1697C9E92E6}.Release|Any CPU.Build.0 = Release|Any CPU
		{7623171D-3ED9-4F9A-BD06-91F3231E4472}.Debug|Any CPU.ActiveCfg = Debug|Any CPU
		{7623171D-3ED9-4F9A-BD06-91F3231E4472}.Debug|Any CPU.Build.0 = Debug|Any CPU
		{7623171D-3ED9-4F9A-BD06-91F3231E4472}.Release|Any CPU.ActiveCfg = Release|Any CPU
		{7623171D-3ED9-4F9A-BD06-91F3231E4472}.Release|Any CPU.Build.0 = Release|Any CPU
	EndGlobalSection
	GlobalSection(SolutionProperties) = preSolution
		HideSolutionNode = FALSE
	EndGlobalSection
EndGlobal
